
Microsoft Visual Studio Solution File, Format Version 12.00
Project("{FAE04EC0-301F-11D3-BF4B-00C04F79EFBC}") = "org.noear.socketd", "org.noear.socketd\org.noear.socketd.csproj", "{6092DB10-4382-4183-8D9D-0FF2966DE4FD}"
EndProject
Global
	GlobalSection(SolutionConfigurationPlatforms) = preSolution
		Debug|Any CPU = Debug|Any CPU
		Release|Any CPU = Release|Any CPU
	EndGlobalSection
	GlobalSection(ProjectConfigurationPlatforms) = postSolution
		{728DB30C-9FC8-4E42-B5A6-C5751E4E9BD5}.Debug|Any CPU.ActiveCfg = Debug|Any CPU
		{728DB30C-9FC8-4E42-B5A6-C5751E4E9BD5}.Debug|Any CPU.Build.0 = Debug|Any CPU
		{728DB30C-9FC8-4E42-B5A6-C5751E4E9BD5}.Release|Any CPU.ActiveCfg = Release|Any CPU
		{728DB30C-9FC8-4E42-B5A6-C5751E4E9BD5}.Release|Any CPU.Build.0 = Release|Any CPU
		{6092DB10-4382-4183-8D9D-0FF2966DE4FD}.Debug|Any CPU.ActiveCfg = Debug|Any CPU
		{6092DB10-4382-4183-8D9D-0FF2966DE4FD}.Debug|Any CPU.Build.0 = Debug|Any CPU
		{6092DB10-4382-4183-8D9D-0FF2966DE4FD}.Release|Any CPU.ActiveCfg = Release|Any CPU
		{6092DB10-4382-4183-8D9D-0FF2966DE4FD}.Release|Any CPU.Build.0 = Release|Any CPU
	EndGlobalSection
EndGlobal
